// !$*UTF8*$!
{
	archiveVersion = 1;
	classes = {
	};
	objectVersion = 48;
	objects = {

/* Begin PBXBuildFile section */
		4F393A291C3C8BCD00B3EA13 /* main.swift in Sources */ = {isa = PBXBuildFile; fileRef = 4F393A281C3C8BCD00B3EA13 /* main.swift */; };
		4FD6C47A1B754AF1002F9F90 /* AppDelegate.swift in Sources */ = {isa = PBXBuildFile; fileRef = 4FD6C4791B754AF1002F9F90 /* AppDelegate.swift */; };
		4FD6C49F1B755242002F9F90 /* RootViewController.swift in Sources */ = {isa = PBXBuildFile; fileRef = 4FD6C49C1B755242002F9F90 /* RootViewController.swift */; };
		ABBB0C5E21C977A700CFD686 /* Assets.xcassets in Resources */ = {isa = PBXBuildFile; fileRef = ABBB0C5D21C977A700CFD686 /* Assets.xcassets */; };
		ABBB0C6021C9D50800CFD686 /* ObjectListDataSource.swift in Sources */ = {isa = PBXBuildFile; fileRef = ABBB0C5F21C9D50800CFD686 /* ObjectListDataSource.swift */; };
		B568ABDC21B865A40006F2B1 /* ContactListDataSource.swift in Sources */ = {isa = PBXBuildFile; fileRef = B568ABDB21B865A40006F2B1 /* ContactListDataSource.swift */; };
		B5B254D221B1B02200CB628C /* NewClaimCtrl+Contact.swift in Sources */ = {isa = PBXBuildFile; fileRef = B5B254B521B1B01B00CB628C /* NewClaimCtrl+Contact.swift */; };
		B5B254D521B1B02200CB628C /* ObjectLayoutDataSource.swift in Sources */ = {isa = PBXBuildFile; fileRef = B5B254B821B1B01B00CB628C /* ObjectLayoutDataSource.swift */; };
		B5B254D621B1B02200CB628C /* CompactLayout.swift in Sources */ = {isa = PBXBuildFile; fileRef = B5B254B921B1B01B00CB628C /* CompactLayout.swift */; };
		B5B254D721B1B02200CB628C /* NewClaimCtrl+AVFoundation.swift in Sources */ = {isa = PBXBuildFile; fileRef = B5B254BA21B1B01C00CB628C /* NewClaimCtrl+AVFoundation.swift */; };
		B5B254D821B1B02200CB628C /* OpenClaimsTableViewController.swift in Sources */ = {isa = PBXBuildFile; fileRef = B5B254BB21B1B01C00CB628C /* OpenClaimsTableViewController.swift */; };
		B5B254DA21B1B02200CB628C /* SelectedImagesCell.swift in Sources */ = {isa = PBXBuildFile; fileRef = B5B254BD21B1B01C00CB628C /* SelectedImagesCell.swift */; };
		B5B254DC21B1B02200CB628C /* ClaimDetailsTableViewController.swift in Sources */ = {isa = PBXBuildFile; fileRef = B5B254BF21B1B01C00CB628C /* ClaimDetailsTableViewController.swift */; };
		B5B254DF21B1B02200CB628C /* UIView+loading.swift in Sources */ = {isa = PBXBuildFile; fileRef = B5B254C321B1B01D00CB628C /* UIView+loading.swift */; };
		B5B254E221B1B02200CB628C /* Main.storyboard in Resources */ = {isa = PBXBuildFile; fileRef = B5B254C621B1B01E00CB628C /* Main.storyboard */; };
		B5B254E521B1B02200CB628C /* NewClaimCtrl+Images.swift in Sources */ = {isa = PBXBuildFile; fileRef = B5B254C921B1B01F00CB628C /* NewClaimCtrl+Images.swift */; };
		B5B254E621B1B02200CB628C /* README.md in Resources */ = {isa = PBXBuildFile; fileRef = B5B254CA21B1B02000CB628C /* README.md */; };
		B5B254E721B1B02200CB628C /* NewClaimViewController.swift in Sources */ = {isa = PBXBuildFile; fileRef = B5B254CB21B1B02000CB628C /* NewClaimViewController.swift */; };
		B5B254E821B1B02200CB628C /* newCase.swift in Sources */ = {isa = PBXBuildFile; fileRef = B5B254CC21B1B02000CB628C /* newCase.swift */; };
		B5B254EA21B1B02200CB628C /* RestClient+NewClaim.swift in Sources */ = {isa = PBXBuildFile; fileRef = B5B254CE21B1B02100CB628C /* RestClient+NewClaim.swift */; };
		B5B254EB21B1B02200CB628C /* FileManager+utils.swift in Sources */ = {isa = PBXBuildFile; fileRef = B5B254CF21B1B02100CB628C /* FileManager+utils.swift */; };
		B5B254EC21B1B02200CB628C /* NewClaimCtrl+MapKit.swift in Sources */ = {isa = PBXBuildFile; fileRef = B5B254D021B1B02100CB628C /* NewClaimCtrl+MapKit.swift */; };
		B5C3CF5021B4C9E7004EBA83 /* UIImage+resize.swift in Sources */ = {isa = PBXBuildFile; fileRef = B5C3CF4F21B4C9E7004EBA83 /* UIImage+resize.swift */; };
		B5E6FCC021B464BF005669FE /* NewClaimCtrl+SFTransaction.swift in Sources */ = {isa = PBXBuildFile; fileRef = B5E6FCBF21B464BE005669FE /* NewClaimCtrl+SFTransaction.swift */; };
		B7168FBC1FACC6F900A48DB5 /* LaunchScreen.storyboard in Resources */ = {isa = PBXBuildFile; fileRef = B7168FBB1FACC6F900A48DB5 /* LaunchScreen.storyboard */; };
		B77BD8A321125B510036B284 /* bootconfig.plist in Resources */ = {isa = PBXBuildFile; fileRef = B77BD8A221125B510036B284 /* bootconfig.plist */; };
/* End PBXBuildFile section */

/* Begin PBXContainerItemProxy section */
		B5DAD86F21CAC42C00A4B9BD /* PBXContainerItemProxy */ = {
			isa = PBXContainerItemProxy;
			containerPortal = B5DAD86421CAC42C00A4B9BD /* SalesforceSDKCore.xcodeproj */;
			proxyType = 2;
			remoteGlobalIDString = CE4CE26B1C0E449C009F6029;
			remoteInfo = SalesforceSDKCore;
		};
		B5DAD87121CAC42C00A4B9BD /* PBXContainerItemProxy */ = {
			isa = PBXContainerItemProxy;
			containerPortal = B5DAD86421CAC42C00A4B9BD /* SalesforceSDKCore.xcodeproj */;
			proxyType = 2;
			remoteGlobalIDString = 82D4642419C7C8170006BDFE;
			remoteInfo = SalesforceSDKCoreTestApp;
		};
		B5DAD87321CAC42C00A4B9BD /* PBXContainerItemProxy */ = {
			isa = PBXContainerItemProxy;
			containerPortal = B5DAD86421CAC42C00A4B9BD /* SalesforceSDKCore.xcodeproj */;
			proxyType = 2;
			remoteGlobalIDString = 4F7EB4151BFFC88200768720;
			remoteInfo = SalesforceSDKCoreTests;
		};
		B5DAD87521CAC42C00A4B9BD /* PBXContainerItemProxy */ = {
			isa = PBXContainerItemProxy;
			containerPortal = B5DAD86421CAC42C00A4B9BD /* SalesforceSDKCore.xcodeproj */;
			proxyType = 2;
			remoteGlobalIDString = CEA8825F1C18F722008D871B;
			remoteInfo = SalesforceSDKCoreStatic;
		};
		B5DAD87721CAC47600A4B9BD /* PBXContainerItemProxy */ = {
			isa = PBXContainerItemProxy;
			containerPortal = B5DAD86421CAC42C00A4B9BD /* SalesforceSDKCore.xcodeproj */;
			proxyType = 1;
			remoteGlobalIDString = CE4CE26A1C0E449C009F6029;
			remoteInfo = SalesforceSDKCore;
		};
/* End PBXContainerItemProxy section */

/* Begin PBXFileReference section */
		4F393A281C3C8BCD00B3EA13 /* main.swift */ = {isa = PBXFileReference; fileEncoding = 4; lastKnownFileType = sourcecode.swift; path = main.swift; sourceTree = "<group>"; };
		4FD6C4741B754AF1002F9F90 /* TrailInsurance.app */ = {isa = PBXFileReference; explicitFileType = wrapper.application; includeInIndex = 0; path = TrailInsurance.app; sourceTree = BUILT_PRODUCTS_DIR; };
		4FD6C4781B754AF1002F9F90 /* Info.plist */ = {isa = PBXFileReference; lastKnownFileType = text.plist.xml; path = Info.plist; sourceTree = "<group>"; };
		4FD6C4791B754AF1002F9F90 /* AppDelegate.swift */ = {isa = PBXFileReference; lastKnownFileType = sourcecode.swift; path = AppDelegate.swift; sourceTree = "<group>"; };
		4FD6C49A1B755242002F9F90 /* Bridging-Header.h */ = {isa = PBXFileReference; fileEncoding = 4; lastKnownFileType = sourcecode.c.h; path = "Bridging-Header.h"; sourceTree = "<group>"; };
		4FD6C49C1B755242002F9F90 /* RootViewController.swift */ = {isa = PBXFileReference; fileEncoding = 4; lastKnownFileType = sourcecode.swift; path = RootViewController.swift; sourceTree = "<group>"; };
		4FF12F8A1DCA91F5004D9EF9 /* TrailInsurance.entitlements */ = {isa = PBXFileReference; lastKnownFileType = text.plist.entitlements; path = TrailInsurance.entitlements; sourceTree = "<group>"; };
		ABBB0C5D21C977A700CFD686 /* Assets.xcassets */ = {isa = PBXFileReference; lastKnownFileType = folder.assetcatalog; path = Assets.xcassets; sourceTree = "<group>"; };
		ABBB0C5F21C9D50800CFD686 /* ObjectListDataSource.swift */ = {isa = PBXFileReference; lastKnownFileType = sourcecode.swift; path = ObjectListDataSource.swift; sourceTree = "<group>"; };
		B568ABDB21B865A40006F2B1 /* ContactListDataSource.swift */ = {isa = PBXFileReference; fileEncoding = 4; lastKnownFileType = sourcecode.swift; path = ContactListDataSource.swift; sourceTree = "<group>"; };
		B5B254B521B1B01B00CB628C /* NewClaimCtrl+Contact.swift */ = {isa = PBXFileReference; fileEncoding = 4; lastKnownFileType = sourcecode.swift; path = "NewClaimCtrl+Contact.swift"; sourceTree = "<group>"; };
		B5B254B821B1B01B00CB628C /* ObjectLayoutDataSource.swift */ = {isa = PBXFileReference; fileEncoding = 4; lastKnownFileType = sourcecode.swift; path = ObjectLayoutDataSource.swift; sourceTree = "<group>"; };
		B5B254B921B1B01B00CB628C /* CompactLayout.swift */ = {isa = PBXFileReference; fileEncoding = 4; lastKnownFileType = sourcecode.swift; path = CompactLayout.swift; sourceTree = "<group>"; };
		B5B254BA21B1B01C00CB628C /* NewClaimCtrl+AVFoundation.swift */ = {isa = PBXFileReference; fileEncoding = 4; lastKnownFileType = sourcecode.swift; path = "NewClaimCtrl+AVFoundation.swift"; sourceTree = "<group>"; };
		B5B254BB21B1B01C00CB628C /* OpenClaimsTableViewController.swift */ = {isa = PBXFileReference; fileEncoding = 4; lastKnownFileType = sourcecode.swift; path = OpenClaimsTableViewController.swift; sourceTree = "<group>"; };
		B5B254BD21B1B01C00CB628C /* SelectedImagesCell.swift */ = {isa = PBXFileReference; fileEncoding = 4; lastKnownFileType = sourcecode.swift; path = SelectedImagesCell.swift; sourceTree = "<group>"; };
		B5B254BF21B1B01C00CB628C /* ClaimDetailsTableViewController.swift */ = {isa = PBXFileReference; fileEncoding = 4; lastKnownFileType = sourcecode.swift; path = ClaimDetailsTableViewController.swift; sourceTree = "<group>"; };
		B5B254C321B1B01D00CB628C /* UIView+loading.swift */ = {isa = PBXFileReference; fileEncoding = 4; lastKnownFileType = sourcecode.swift; path = "UIView+loading.swift"; sourceTree = "<group>"; };
		B5B254C621B1B01E00CB628C /* Main.storyboard */ = {isa = PBXFileReference; fileEncoding = 4; lastKnownFileType = file.storyboard; path = Main.storyboard; sourceTree = "<group>"; };
		B5B254C921B1B01F00CB628C /* NewClaimCtrl+Images.swift */ = {isa = PBXFileReference; fileEncoding = 4; lastKnownFileType = sourcecode.swift; path = "NewClaimCtrl+Images.swift"; sourceTree = "<group>"; };
		B5B254CA21B1B02000CB628C /* README.md */ = {isa = PBXFileReference; fileEncoding = 4; lastKnownFileType = net.daringfireball.markdown; path = README.md; sourceTree = "<group>"; };
		B5B254CB21B1B02000CB628C /* NewClaimViewController.swift */ = {isa = PBXFileReference; fileEncoding = 4; lastKnownFileType = sourcecode.swift; path = NewClaimViewController.swift; sourceTree = "<group>"; };
		B5B254CC21B1B02000CB628C /* newCase.swift */ = {isa = PBXFileReference; fileEncoding = 4; lastKnownFileType = sourcecode.swift; path = newCase.swift; sourceTree = "<group>"; };
		B5B254CE21B1B02100CB628C /* RestClient+NewClaim.swift */ = {isa = PBXFileReference; fileEncoding = 4; lastKnownFileType = sourcecode.swift; path = "RestClient+NewClaim.swift"; sourceTree = "<group>"; };
		B5B254CF21B1B02100CB628C /* FileManager+utils.swift */ = {isa = PBXFileReference; fileEncoding = 4; lastKnownFileType = sourcecode.swift; path = "FileManager+utils.swift"; sourceTree = "<group>"; };
		B5B254D021B1B02100CB628C /* NewClaimCtrl+MapKit.swift */ = {isa = PBXFileReference; fileEncoding = 4; lastKnownFileType = sourcecode.swift; path = "NewClaimCtrl+MapKit.swift"; sourceTree = "<group>"; };
		B5C3CF4F21B4C9E7004EBA83 /* UIImage+resize.swift */ = {isa = PBXFileReference; lastKnownFileType = sourcecode.swift; path = "UIImage+resize.swift"; sourceTree = "<group>"; };
		B5DAD86421CAC42C00A4B9BD /* SalesforceSDKCore.xcodeproj */ = {isa = PBXFileReference; lastKnownFileType = "wrapper.pb-project"; name = SalesforceSDKCore.xcodeproj; path = "mobile_sdk/SalesforceMobileSDK-iOS/libs/SalesforceSDKCore/SalesforceSDKCore.xcodeproj"; sourceTree = "<group>"; };
		B5E6FCBF21B464BE005669FE /* NewClaimCtrl+SFTransaction.swift */ = {isa = PBXFileReference; lastKnownFileType = sourcecode.swift; path = "NewClaimCtrl+SFTransaction.swift"; sourceTree = "<group>"; };
		B7168FBB1FACC6F900A48DB5 /* LaunchScreen.storyboard */ = {isa = PBXFileReference; fileEncoding = 4; lastKnownFileType = file.storyboard; name = LaunchScreen.storyboard; path = "../mobile_sdk/SalesforceMobileSDK-iOS/shared/resources/LaunchScreen.storyboard"; sourceTree = "<group>"; };
		B77BD8A221125B510036B284 /* bootconfig.plist */ = {isa = PBXFileReference; fileEncoding = 4; lastKnownFileType = text.plist.xml; path = bootconfig.plist; sourceTree = "<group>"; };
/* End PBXFileReference section */

/* Begin PBXFrameworksBuildPhase section */
		4FD6C4711B754AF1002F9F90 /* Frameworks */ = {
			isa = PBXFrameworksBuildPhase;
			buildActionMask = 2147483647;
			files = (
			);
			runOnlyForDeploymentPostprocessing = 0;
		};
/* End PBXFrameworksBuildPhase section */

/* Begin PBXGroup section */
		4FD6C46B1B754AF1002F9F90 = {
			isa = PBXGroup;
			children = (
				4FD6C4761B754AF1002F9F90 /* TrailInsurance */,
				4FD6C4751B754AF1002F9F90 /* Products */,
				6B868AEB1ACA7FCA4636C7F7 /* Frameworks */,
			);
			sourceTree = "<group>";
		};
		4FD6C4751B754AF1002F9F90 /* Products */ = {
			isa = PBXGroup;
			children = (
				4FD6C4741B754AF1002F9F90 /* TrailInsurance.app */,
			);
			name = Products;
			sourceTree = "<group>";
		};
		4FD6C4761B754AF1002F9F90 /* TrailInsurance */ = {
			isa = PBXGroup;
			children = (
				B5E6FCBE21B1B638005669FE /* UI Components */,
				B5E6FCBC21B1B5F5005669FE /* Structs */,
				B5E6FCBB21B1B5E8005669FE /* Extensions */,
				4FD6C4A11B755265002F9F90 /* Classes */,
				4FD6C4771B754AF1002F9F90 /* Supporting Files */,
			);
			path = TrailInsurance;
			sourceTree = "<group>";
		};
		4FD6C4771B754AF1002F9F90 /* Supporting Files */ = {
			isa = PBXGroup;
			children = (
				B5B254B921B1B01B00CB628C /* CompactLayout.swift */,
				B5B254CA21B1B02000CB628C /* README.md */,
				B77BD8A221125B510036B284 /* bootconfig.plist */,
				B7168FBB1FACC6F900A48DB5 /* LaunchScreen.storyboard */,
				4FF12F8A1DCA91F5004D9EF9 /* TrailInsurance.entitlements */,
				ABBB0C5D21C977A700CFD686 /* Assets.xcassets */,
				4FD6C4781B754AF1002F9F90 /* Info.plist */,
			);
			name = "Supporting Files";
			sourceTree = "<group>";
		};
		4FD6C4A11B755265002F9F90 /* Classes */ = {
			isa = PBXGroup;
			children = (
				B568ABDB21B865A40006F2B1 /* ContactListDataSource.swift */,
				ABBB0C5F21C9D50800CFD686 /* ObjectListDataSource.swift */,
				B5B254B821B1B01B00CB628C /* ObjectLayoutDataSource.swift */,
				4FD6C49A1B755242002F9F90 /* Bridging-Header.h */,
				B5B254CB21B1B02000CB628C /* NewClaimViewController.swift */,
				B5B254BF21B1B01C00CB628C /* ClaimDetailsTableViewController.swift */,
				B5B254BB21B1B01C00CB628C /* OpenClaimsTableViewController.swift */,
				4FD6C49C1B755242002F9F90 /* RootViewController.swift */,
				4FD6C4791B754AF1002F9F90 /* AppDelegate.swift */,
				4F393A281C3C8BCD00B3EA13 /* main.swift */,
			);
			name = Classes;
			sourceTree = "<group>";
		};
		6B868AEB1ACA7FCA4636C7F7 /* Frameworks */ = {
			isa = PBXGroup;
			children = (
				B5DAD86421CAC42C00A4B9BD /* SalesforceSDKCore.xcodeproj */,
			);
			name = Frameworks;
			sourceTree = "<group>";
		};
		B5DAD86521CAC42C00A4B9BD /* Products */ = {
			isa = PBXGroup;
			children = (
				B5DAD87021CAC42C00A4B9BD /* SalesforceSDKCore.framework */,
				B5DAD87221CAC42C00A4B9BD /* SalesforceSDKCoreTestApp.app */,
				B5DAD87421CAC42C00A4B9BD /* SalesforceSDKCoreTests.xctest */,
				B5DAD87621CAC42C00A4B9BD /* libSalesforceSDKCore.a */,
			);
			name = Products;
			sourceTree = "<group>";
		};
		B5E6FCBB21B1B5E8005669FE /* Extensions */ = {
			isa = PBXGroup;
			children = (
				B5C3CF4F21B4C9E7004EBA83 /* UIImage+resize.swift */,
				B5B254BA21B1B01C00CB628C /* NewClaimCtrl+AVFoundation.swift */,
				B5B254C321B1B01D00CB628C /* UIView+loading.swift */,
				B5B254B521B1B01B00CB628C /* NewClaimCtrl+Contact.swift */,
				B5B254C921B1B01F00CB628C /* NewClaimCtrl+Images.swift */,
				B5B254D021B1B02100CB628C /* NewClaimCtrl+MapKit.swift */,
				B5E6FCBF21B464BE005669FE /* NewClaimCtrl+SFTransaction.swift */,
				B5B254CE21B1B02100CB628C /* RestClient+NewClaim.swift */,
				B5B254CF21B1B02100CB628C /* FileManager+utils.swift */,
			);
			name = Extensions;
			sourceTree = "<group>";
		};
		B5E6FCBC21B1B5F5005669FE /* Structs */ = {
			isa = PBXGroup;
			children = (
				B5B254CC21B1B02000CB628C /* newCase.swift */,
			);
			name = Structs;
			sourceTree = "<group>";
		};
		B5E6FCBE21B1B638005669FE /* UI Components */ = {
			isa = PBXGroup;
			children = (
				B5B254C621B1B01E00CB628C /* Main.storyboard */,
				B5B254BD21B1B01C00CB628C /* SelectedImagesCell.swift */,
			);
			name = "UI Components";
			sourceTree = "<group>";
		};
/* End PBXGroup section */

/* Begin PBXNativeTarget section */
		4FD6C4731B754AF1002F9F90 /* TrailInsurance */ = {
			isa = PBXNativeTarget;
			buildConfigurationList = 4FD6C4931B754AF1002F9F90 /* Build configuration list for PBXNativeTarget "TrailInsurance" */;
			buildPhases = (
				4FD6C4701B754AF1002F9F90 /* Sources */,
				4FD6C4711B754AF1002F9F90 /* Frameworks */,
				4FD6C4721B754AF1002F9F90 /* Resources */,
			);
			buildRules = (
			);
			dependencies = (
				B5DAD87821CAC47600A4B9BD /* PBXTargetDependency */,
			);
			name = TrailInsurance;
			productName = TrailInsurance;
			productReference = 4FD6C4741B754AF1002F9F90 /* TrailInsurance.app */;
			productType = "com.apple.product-type.application";
		};
/* End PBXNativeTarget section */

/* Begin PBXProject section */
		4FD6C46C1B754AF1002F9F90 /* Project object */ = {
			isa = PBXProject;
			attributes = {
				LastSwiftUpdateCheck = 0710;
				LastUpgradeCheck = 0940;
				ORGANIZATIONNAME = Salesforce;
				TargetAttributes = {
					4FD6C4731B754AF1002F9F90 = {
						CreatedOnToolsVersion = 6.4;
						LastSwiftMigration = 0900;
						SystemCapabilities = {
							com.apple.Keychain = {
								enabled = 1;
							};
						};
					};
				};
			};
			buildConfigurationList = 4FD6C46F1B754AF1002F9F90 /* Build configuration list for PBXProject "TrailInsurance" */;
			compatibilityVersion = "Xcode 8.0";
			developmentRegion = English;
			hasScannedForEncodings = 0;
			knownRegions = (
				en,
				Base,
			);
			mainGroup = 4FD6C46B1B754AF1002F9F90;
			productRefGroup = 4FD6C4751B754AF1002F9F90 /* Products */;
			projectDirPath = "";
			projectReferences = (
				{
					ProductGroup = B5DAD86521CAC42C00A4B9BD /* Products */;
					ProjectRef = B5DAD86421CAC42C00A4B9BD /* SalesforceSDKCore.xcodeproj */;
				},
			);
			projectRoot = "";
			targets = (
				4FD6C4731B754AF1002F9F90 /* TrailInsurance */,
			);
		};
/* End PBXProject section */

/* Begin PBXReferenceProxy section */
		B5DAD87021CAC42C00A4B9BD /* SalesforceSDKCore.framework */ = {
			isa = PBXReferenceProxy;
			fileType = wrapper.framework;
			path = SalesforceSDKCore.framework;
			remoteRef = B5DAD86F21CAC42C00A4B9BD /* PBXContainerItemProxy */;
			sourceTree = BUILT_PRODUCTS_DIR;
		};
		B5DAD87221CAC42C00A4B9BD /* SalesforceSDKCoreTestApp.app */ = {
			isa = PBXReferenceProxy;
			fileType = wrapper.application;
			path = SalesforceSDKCoreTestApp.app;
			remoteRef = B5DAD87121CAC42C00A4B9BD /* PBXContainerItemProxy */;
			sourceTree = BUILT_PRODUCTS_DIR;
		};
		B5DAD87421CAC42C00A4B9BD /* SalesforceSDKCoreTests.xctest */ = {
			isa = PBXReferenceProxy;
			fileType = wrapper.cfbundle;
			path = SalesforceSDKCoreTests.xctest;
			remoteRef = B5DAD87321CAC42C00A4B9BD /* PBXContainerItemProxy */;
			sourceTree = BUILT_PRODUCTS_DIR;
		};
		B5DAD87621CAC42C00A4B9BD /* libSalesforceSDKCore.a */ = {
			isa = PBXReferenceProxy;
			fileType = archive.ar;
			path = libSalesforceSDKCore.a;
			remoteRef = B5DAD87521CAC42C00A4B9BD /* PBXContainerItemProxy */;
			sourceTree = BUILT_PRODUCTS_DIR;
		};
/* End PBXReferenceProxy section */

/* Begin PBXResourcesBuildPhase section */
		4FD6C4721B754AF1002F9F90 /* Resources */ = {
			isa = PBXResourcesBuildPhase;
			buildActionMask = 2147483647;
			files = (
				ABBB0C5E21C977A700CFD686 /* Assets.xcassets in Resources */,
				B77BD8A321125B510036B284 /* bootconfig.plist in Resources */,
				B5B254E221B1B02200CB628C /* Main.storyboard in Resources */,
				B7168FBC1FACC6F900A48DB5 /* LaunchScreen.storyboard in Resources */,
				B5B254E621B1B02200CB628C /* README.md in Resources */,
			);
			runOnlyForDeploymentPostprocessing = 0;
		};
/* End PBXResourcesBuildPhase section */

/* Begin PBXSourcesBuildPhase section */
		4FD6C4701B754AF1002F9F90 /* Sources */ = {
			isa = PBXSourcesBuildPhase;
			buildActionMask = 2147483647;
			files = (
				B5B254E521B1B02200CB628C /* NewClaimCtrl+Images.swift in Sources */,
				B5B254EB21B1B02200CB628C /* FileManager+utils.swift in Sources */,
				4FD6C47A1B754AF1002F9F90 /* AppDelegate.swift in Sources */,
				B5B254DF21B1B02200CB628C /* UIView+loading.swift in Sources */,
				B5B254DA21B1B02200CB628C /* SelectedImagesCell.swift in Sources */,
				ABBB0C6021C9D50800CFD686 /* ObjectListDataSource.swift in Sources */,
				B5B254E821B1B02200CB628C /* newCase.swift in Sources */,
				B5B254E721B1B02200CB628C /* NewClaimViewController.swift in Sources */,
				B5B254EC21B1B02200CB628C /* NewClaimCtrl+MapKit.swift in Sources */,
				B5B254EA21B1B02200CB628C /* RestClient+NewClaim.swift in Sources */,
				B5B254D521B1B02200CB628C /* ObjectLayoutDataSource.swift in Sources */,
				B5C3CF5021B4C9E7004EBA83 /* UIImage+resize.swift in Sources */,
				B5B254D621B1B02200CB628C /* CompactLayout.swift in Sources */,
				B568ABDC21B865A40006F2B1 /* ContactListDataSource.swift in Sources */,
				B5B254D821B1B02200CB628C /* OpenClaimsTableViewController.swift in Sources */,
				4FD6C49F1B755242002F9F90 /* RootViewController.swift in Sources */,
				4F393A291C3C8BCD00B3EA13 /* main.swift in Sources */,
				B5B254D721B1B02200CB628C /* NewClaimCtrl+AVFoundation.swift in Sources */,
				B5B254D221B1B02200CB628C /* NewClaimCtrl+Contact.swift in Sources */,
				B5E6FCC021B464BF005669FE /* NewClaimCtrl+SFTransaction.swift in Sources */,
				B5B254DC21B1B02200CB628C /* ClaimDetailsTableViewController.swift in Sources */,
			);
			runOnlyForDeploymentPostprocessing = 0;
		};
/* End PBXSourcesBuildPhase section */

/* Begin PBXTargetDependency section */
		B5DAD87821CAC47600A4B9BD /* PBXTargetDependency */ = {
			isa = PBXTargetDependency;
			name = SalesforceSDKCore;
			targetProxy = B5DAD87721CAC47600A4B9BD /* PBXContainerItemProxy */;
		};
/* End PBXTargetDependency section */

/* Begin XCBuildConfiguration section */
		4FD6C4911B754AF1002F9F90 /* Debug */ = {
			isa = XCBuildConfiguration;
			buildSettings = {
				ALWAYS_SEARCH_USER_PATHS = NO;
				CLANG_CXX_LANGUAGE_STANDARD = "gnu++0x";
				CLANG_CXX_LIBRARY = "libc++";
				CLANG_ENABLE_MODULES = YES;
				CLANG_ENABLE_OBJC_ARC = YES;
				CLANG_WARN_BLOCK_CAPTURE_AUTORELEASING = YES;
				CLANG_WARN_BOOL_CONVERSION = YES;
				CLANG_WARN_COMMA = YES;
				CLANG_WARN_CONSTANT_CONVERSION = YES;
				CLANG_WARN_DEPRECATED_OBJC_IMPLEMENTATIONS = YES;
				CLANG_WARN_DIRECT_OBJC_ISA_USAGE = YES_ERROR;
				CLANG_WARN_EMPTY_BODY = YES;
				CLANG_WARN_ENUM_CONVERSION = YES;
				CLANG_WARN_INFINITE_RECURSION = YES;
				CLANG_WARN_INT_CONVERSION = YES;
				CLANG_WARN_NON_LITERAL_NULL_CONVERSION = YES;
				CLANG_WARN_OBJC_IMPLICIT_RETAIN_SELF = YES;
				CLANG_WARN_OBJC_LITERAL_CONVERSION = YES;
				CLANG_WARN_OBJC_ROOT_CLASS = YES_ERROR;
				CLANG_WARN_RANGE_LOOP_ANALYSIS = YES;
				CLANG_WARN_STRICT_PROTOTYPES = YES;
				CLANG_WARN_SUSPICIOUS_MOVE = YES;
				CLANG_WARN_UNREACHABLE_CODE = YES;
				CLANG_WARN__DUPLICATE_METHOD_MATCH = YES;
				"CODE_SIGN_IDENTITY[sdk=iphoneos*]" = "iPhone Developer";
				COPY_PHASE_STRIP = NO;
				DEBUG_INFORMATION_FORMAT = "dwarf-with-dsym";
				ENABLE_STRICT_OBJC_MSGSEND = YES;
				ENABLE_TESTABILITY = YES;
				GCC_C_LANGUAGE_STANDARD = gnu99;
				GCC_DYNAMIC_NO_PIC = NO;
				GCC_NO_COMMON_BLOCKS = YES;
				GCC_OPTIMIZATION_LEVEL = 0;
				GCC_PREPROCESSOR_DEFINITIONS = (
					"DEBUG=1",
					"$(inherited)",
				);
				GCC_SYMBOLS_PRIVATE_EXTERN = NO;
				GCC_WARN_64_TO_32_BIT_CONVERSION = YES;
				GCC_WARN_ABOUT_RETURN_TYPE = YES_ERROR;
				GCC_WARN_UNDECLARED_SELECTOR = YES;
				GCC_WARN_UNINITIALIZED_AUTOS = YES_AGGRESSIVE;
				GCC_WARN_UNUSED_FUNCTION = YES;
				GCC_WARN_UNUSED_VARIABLE = YES;
				IPHONEOS_DEPLOYMENT_TARGET = 11.0;
				MTL_ENABLE_DEBUG_INFO = YES;
				ONLY_ACTIVE_ARCH = YES;
				SDKROOT = iphoneos;
				SWIFT_OPTIMIZATION_LEVEL = "-Onone";
				SWIFT_SWIFT3_OBJC_INFERENCE = Default;
				TARGETED_DEVICE_FAMILY = "1,2";
			};
			name = Debug;
		};
		4FD6C4921B754AF1002F9F90 /* Release */ = {
			isa = XCBuildConfiguration;
			buildSettings = {
				ALWAYS_SEARCH_USER_PATHS = NO;
				CLANG_CXX_LANGUAGE_STANDARD = "gnu++0x";
				CLANG_CXX_LIBRARY = "libc++";
				CLANG_ENABLE_MODULES = YES;
				CLANG_ENABLE_OBJC_ARC = YES;
				CLANG_WARN_BLOCK_CAPTURE_AUTORELEASING = YES;
				CLANG_WARN_BOOL_CONVERSION = YES;
				CLANG_WARN_COMMA = YES;
				CLANG_WARN_CONSTANT_CONVERSION = YES;
				CLANG_WARN_DEPRECATED_OBJC_IMPLEMENTATIONS = YES;
				CLANG_WARN_DIRECT_OBJC_ISA_USAGE = YES_ERROR;
				CLANG_WARN_EMPTY_BODY = YES;
				CLANG_WARN_ENUM_CONVERSION = YES;
				CLANG_WARN_INFINITE_RECURSION = YES;
				CLANG_WARN_INT_CONVERSION = YES;
				CLANG_WARN_NON_LITERAL_NULL_CONVERSION = YES;
				CLANG_WARN_OBJC_IMPLICIT_RETAIN_SELF = YES;
				CLANG_WARN_OBJC_LITERAL_CONVERSION = YES;
				CLANG_WARN_OBJC_ROOT_CLASS = YES_ERROR;
				CLANG_WARN_RANGE_LOOP_ANALYSIS = YES;
				CLANG_WARN_STRICT_PROTOTYPES = YES;
				CLANG_WARN_SUSPICIOUS_MOVE = YES;
				CLANG_WARN_UNREACHABLE_CODE = YES;
				CLANG_WARN__DUPLICATE_METHOD_MATCH = YES;
				"CODE_SIGN_IDENTITY[sdk=iphoneos*]" = "iPhone Developer";
				COPY_PHASE_STRIP = NO;
				DEBUG_INFORMATION_FORMAT = "dwarf-with-dsym";
				ENABLE_NS_ASSERTIONS = NO;
				ENABLE_STRICT_OBJC_MSGSEND = YES;
				GCC_C_LANGUAGE_STANDARD = gnu99;
				GCC_NO_COMMON_BLOCKS = YES;
				GCC_WARN_64_TO_32_BIT_CONVERSION = YES;
				GCC_WARN_ABOUT_RETURN_TYPE = YES_ERROR;
				GCC_WARN_UNDECLARED_SELECTOR = YES;
				GCC_WARN_UNINITIALIZED_AUTOS = YES_AGGRESSIVE;
				GCC_WARN_UNUSED_FUNCTION = YES;
				GCC_WARN_UNUSED_VARIABLE = YES;
				IPHONEOS_DEPLOYMENT_TARGET = 11.0;
				MTL_ENABLE_DEBUG_INFO = NO;
				SDKROOT = iphoneos;
				SWIFT_OPTIMIZATION_LEVEL = "-Owholemodule";
				SWIFT_SWIFT3_OBJC_INFERENCE = Default;
				TARGETED_DEVICE_FAMILY = "1,2";
				VALIDATE_PRODUCT = YES;
			};
			name = Release;
		};
		4FD6C4941B754AF1002F9F90 /* Debug */ = {
			isa = XCBuildConfiguration;
			buildSettings = {
				ASSETCATALOG_COMPILER_APPICON_NAME = AppIcon;
				CODE_SIGN_ENTITLEMENTS = TrailInsurance/TrailInsurance.entitlements;
				DEVELOPMENT_TEAM = 745ST2PM9F;
				INFOPLIST_FILE = TrailInsurance/Info.plist;
				IPHONEOS_DEPLOYMENT_TARGET = 11.0;
				LD_RUNPATH_SEARCH_PATHS = "$(inherited) @executable_path/Frameworks";
				PRODUCT_BUNDLE_IDENTIFIER = "com.force.trailinsurance.${PRODUCT_NAME:rfc1034identifier}";
				PRODUCT_NAME = "$(TARGET_NAME)";
				SWIFT_OBJC_BRIDGING_HEADER = "TrailInsurance/Bridging-Header.h";
				SWIFT_SWIFT3_OBJC_INFERENCE = Default;
				SWIFT_VERSION = 4.0;
			};
			name = Debug;
		};
		4FD6C4951B754AF1002F9F90 /* Release */ = {
			isa = XCBuildConfiguration;
			buildSettings = {
				ASSETCATALOG_COMPILER_APPICON_NAME = AppIcon;
				CODE_SIGN_ENTITLEMENTS = TrailInsurance/TrailInsurance.entitlements;
				DEVELOPMENT_TEAM = 745ST2PM9F;
				INFOPLIST_FILE = TrailInsurance/Info.plist;
				IPHONEOS_DEPLOYMENT_TARGET = 11.0;
				LD_RUNPATH_SEARCH_PATHS = "$(inherited) @executable_path/Frameworks";
				PRODUCT_BUNDLE_IDENTIFIER = "com.force.trailinsurance.${PRODUCT_NAME:rfc1034identifier}";
				PRODUCT_NAME = "$(TARGET_NAME)";
				SWIFT_OBJC_BRIDGING_HEADER = "TrailInsurance/Bridging-Header.h";
				SWIFT_SWIFT3_OBJC_INFERENCE = Default;
				SWIFT_VERSION = 4.0;
			};
			name = Release;
		};
/* End XCBuildConfiguration section */

/* Begin XCConfigurationList section */
		4FD6C46F1B754AF1002F9F90 /* Build configuration list for PBXProject "TrailInsurance" */ = {
			isa = XCConfigurationList;
			buildConfigurations = (
				4FD6C4911B754AF1002F9F90 /* Debug */,
				4FD6C4921B754AF1002F9F90 /* Release */,
			);
			defaultConfigurationIsVisible = 0;
			defaultConfigurationName = Release;
		};
		4FD6C4931B754AF1002F9F90 /* Build configuration list for PBXNativeTarget "TrailInsurance" */ = {
			isa = XCConfigurationList;
			buildConfigurations = (
				4FD6C4941B754AF1002F9F90 /* Debug */,
				4FD6C4951B754AF1002F9F90 /* Release */,
			);
			defaultConfigurationIsVisible = 0;
			defaultConfigurationName = Release;
		};
/* End XCConfigurationList section */
	};
	rootObject = 4FD6C46C1B754AF1002F9F90 /* Project object */;
}
