// !$*UTF8*$!
{
	archiveVersion = 1;
	classes = {
	};
	objectVersion = 51;
	objects = {

/* Begin PBXBuildFile section */
		4F393A291C3C8BCD00B3EA13 /* main.swift in Sources */ = {isa = PBXBuildFile; fileRef = 4F393A281C3C8BCD00B3EA13 /* main.swift */; };
		4FD6C47A1B754AF1002F9F90 /* AppDelegate.swift in Sources */ = {isa = PBXBuildFile; fileRef = 4FD6C4791B754AF1002F9F90 /* AppDelegate.swift */; };
		4FD6C4A01B755242002F9F90 /* InitialViewController.swift in Sources */ = {isa = PBXBuildFile; fileRef = 4FD6C49D1B755242002F9F90 /* InitialViewController.swift */; };
		78A235BD93AB7D080D67CD51 /* Pods_RedwoodsInsurance.framework in Frameworks */ = {isa = PBXBuildFile; fileRef = 82A29C75280BDF73123F14B4 /* Pods_RedwoodsInsurance.framework */; };
		B504E04025D420B600D1D8D7 /* UploadingProgressViewComponet.swift in Sources */ = {isa = PBXBuildFile; fileRef = B504E03F25D420B600D1D8D7 /* UploadingProgressViewComponet.swift */; };
		B53840F72551E9D00097E6E0 /* PhotoSelectionAndDisplayComponent.swift in Sources */ = {isa = PBXBuildFile; fileRef = B53840F62551E9D00097E6E0 /* PhotoSelectionAndDisplayComponent.swift */; };
		B53840FB2551EAD60097E6E0 /* ImagePicker.swift in Sources */ = {isa = PBXBuildFile; fileRef = B53840FA2551EAD60097E6E0 /* ImagePicker.swift */; };
		B53841032551F9310097E6E0 /* PartiesInvolvedComponent.swift in Sources */ = {isa = PBXBuildFile; fileRef = B53841022551F9310097E6E0 /* PartiesInvolvedComponent.swift */; };
		B53841062551FA930097E6E0 /* ContactPicker.swift in Sources */ = {isa = PBXBuildFile; fileRef = B53841052551FA930097E6E0 /* ContactPicker.swift */; };
		B53841092551FAC00097E6E0 /* ContactPickerViewModel.swift in Sources */ = {isa = PBXBuildFile; fileRef = B53841082551FAC00097E6E0 /* ContactPickerViewModel.swift */; };
		B538410C2552018D0097E6E0 /* ContactListRowComponent.swift in Sources */ = {isa = PBXBuildFile; fileRef = B538410B2552018D0097E6E0 /* ContactListRowComponent.swift */; };
		B538410F255218440097E6E0 /* User.swift in Sources */ = {isa = PBXBuildFile; fileRef = B538410E255218440097E6E0 /* User.swift */; };
		B53F938C2555EBC0008E6381 /* Contact.swift in Sources */ = {isa = PBXBuildFile; fileRef = B53F938B2555EBC0008E6381 /* Contact.swift */; };
		B53F938F2555F03C008E6381 /* SalesforceRecord.swift in Sources */ = {isa = PBXBuildFile; fileRef = B53F938E2555F03C008E6381 /* SalesforceRecord.swift */; };
		B54B34B725536243006D9941 /* Case.swift in Sources */ = {isa = PBXBuildFile; fileRef = B54B34B625536243006D9941 /* Case.swift */; };
		B5B5F7D9254CB2E400670169 /* CLPlacemark.swift in Sources */ = {isa = PBXBuildFile; fileRef = B5B5F7D8254CB2E400670169 /* CLPlacemark.swift */; };
		B5B5F802254CB60500670169 /* Images.xcassets in Resources */ = {isa = PBXBuildFile; fileRef = B5B5F7FE254CB5C200670169 /* Images.xcassets */; };
		B5B5F805254CB80200670169 /* DescriptionComponent.swift in Sources */ = {isa = PBXBuildFile; fileRef = B5B5F804254CB80200670169 /* DescriptionComponent.swift */; };
		B5B5F809254CBB3900670169 /* AudioTranscriptionComponent.swift in Sources */ = {isa = PBXBuildFile; fileRef = B5B5F808254CBB3900670169 /* AudioTranscriptionComponent.swift */; };
		B5B5F80C254CBBE200670169 /* AudioTranscriptionViewModel.swift in Sources */ = {isa = PBXBuildFile; fileRef = B5B5F80B254CBBE200670169 /* AudioTranscriptionViewModel.swift */; };
		B5BE0629254B1935005FE6EE /* ExistingClaimsListView.swift in Sources */ = {isa = PBXBuildFile; fileRef = B5BE0628254B1935005FE6EE /* ExistingClaimsListView.swift */; };
		B5BE062D254B1963005FE6EE /* Claim.swift in Sources */ = {isa = PBXBuildFile; fileRef = B5BE062C254B1963005FE6EE /* Claim.swift */; };
		B5BE0632254B19BD005FE6EE /* RestClient.swift in Sources */ = {isa = PBXBuildFile; fileRef = B5BE0631254B19BD005FE6EE /* RestClient.swift */; };
		B5BE063B254B19FD005FE6EE /* UIImageExtensions.swift in Sources */ = {isa = PBXBuildFile; fileRef = B5BE0635254B19FD005FE6EE /* UIImageExtensions.swift */; };
		B5BE063C254B19FD005FE6EE /* Collection.swift in Sources */ = {isa = PBXBuildFile; fileRef = B5BE0636254B19FD005FE6EE /* Collection.swift */; };
		B5BE063D254B19FD005FE6EE /* Map.swift in Sources */ = {isa = PBXBuildFile; fileRef = B5BE0637254B19FD005FE6EE /* Map.swift */; };
		B5BE063E254B19FD005FE6EE /* CNContactExtensions.swift in Sources */ = {isa = PBXBuildFile; fileRef = B5BE0638254B19FD005FE6EE /* CNContactExtensions.swift */; };
		B5BE063F254B19FD005FE6EE /* Array.swift in Sources */ = {isa = PBXBuildFile; fileRef = B5BE0639254B19FD005FE6EE /* Array.swift */; };
		B5BE0640254B19FD005FE6EE /* MKCoordinateRegion.swift in Sources */ = {isa = PBXBuildFile; fileRef = B5BE063A254B19FD005FE6EE /* MKCoordinateRegion.swift */; };
		B5BE064F254B1B16005FE6EE /* ExistingClaimsListViewModel.swift in Sources */ = {isa = PBXBuildFile; fileRef = B5BE064E254B1B16005FE6EE /* ExistingClaimsListViewModel.swift */; };
		B5BE0652254B1B64005FE6EE /* ClaimDetailsView.swift in Sources */ = {isa = PBXBuildFile; fileRef = B5BE0651254B1B64005FE6EE /* ClaimDetailsView.swift */; };
		B5BE0655254B1B85005FE6EE /* ClaimDetailsViewModel.swift in Sources */ = {isa = PBXBuildFile; fileRef = B5BE0654254B1B85005FE6EE /* ClaimDetailsViewModel.swift */; };
		B5BE0658254B1BB1005FE6EE /* ClaimDetailsDataModel.swift in Sources */ = {isa = PBXBuildFile; fileRef = B5BE0657254B1BB1005FE6EE /* ClaimDetailsDataModel.swift */; };
		B5BE065B254B1C10005FE6EE /* NewClaimView.swift in Sources */ = {isa = PBXBuildFile; fileRef = B5BE065A254B1C10005FE6EE /* NewClaimView.swift */; };
		B5BE065E254B1C59005FE6EE /* NewClaimViewModel.swift in Sources */ = {isa = PBXBuildFile; fileRef = B5BE065D254B1C59005FE6EE /* NewClaimViewModel.swift */; };
		B5F556AD254C67230007721D /* IncidentLocationComponent.swift in Sources */ = {isa = PBXBuildFile; fileRef = B5F556AC254C67230007721D /* IncidentLocationComponent.swift */; };
		B73B520D234FA65F001B069B /* SceneDelegate.swift in Sources */ = {isa = PBXBuildFile; fileRef = B73B520C234FA65F001B069B /* SceneDelegate.swift */; };
		B77BD8A321125B510036B284 /* bootconfig.plist in Resources */ = {isa = PBXBuildFile; fileRef = B77BD8A221125B510036B284 /* bootconfig.plist */; };
/* End PBXBuildFile section */

/* Begin PBXFileReference section */
		045D1C5BC2F1EADFDFB3671E /* Pods-RedwoodsInsurance.release.xcconfig */ = {isa = PBXFileReference; includeInIndex = 1; lastKnownFileType = text.xcconfig; name = "Pods-RedwoodsInsurance.release.xcconfig"; path = "Pods/Target Support Files/Pods-RedwoodsInsurance/Pods-RedwoodsInsurance.release.xcconfig"; sourceTree = "<group>"; };
		4F393A281C3C8BCD00B3EA13 /* main.swift */ = {isa = PBXFileReference; fileEncoding = 4; lastKnownFileType = sourcecode.swift; path = main.swift; sourceTree = "<group>"; };
		4FD6C4741B754AF1002F9F90 /* RedwoodsInsurance.app */ = {isa = PBXFileReference; explicitFileType = wrapper.application; includeInIndex = 0; path = RedwoodsInsurance.app; sourceTree = BUILT_PRODUCTS_DIR; };
		4FD6C4781B754AF1002F9F90 /* Info.plist */ = {isa = PBXFileReference; lastKnownFileType = text.plist.xml; path = Info.plist; sourceTree = "<group>"; };
		4FD6C4791B754AF1002F9F90 /* AppDelegate.swift */ = {isa = PBXFileReference; lastKnownFileType = sourcecode.swift; path = AppDelegate.swift; sourceTree = "<group>"; };
		4FD6C49D1B755242002F9F90 /* InitialViewController.swift */ = {isa = PBXFileReference; fileEncoding = 4; lastKnownFileType = sourcecode.swift; path = InitialViewController.swift; sourceTree = "<group>"; };
		4FF12F8A1DCA91F5004D9EF9 /* RedwoodsInsurance.entitlements */ = {isa = PBXFileReference; lastKnownFileType = text.plist.entitlements; path = RedwoodsInsurance.entitlements; sourceTree = "<group>"; };
		762732C14CFE40A989C3AD70 /* Pods-RedwoodsInsurance.debug.xcconfig */ = {isa = PBXFileReference; includeInIndex = 1; lastKnownFileType = text.xcconfig; name = "Pods-RedwoodsInsurance.debug.xcconfig"; path = "Pods/Target Support Files/Pods-RedwoodsInsurance/Pods-RedwoodsInsurance.debug.xcconfig"; sourceTree = "<group>"; };
		82A29C75280BDF73123F14B4 /* Pods_RedwoodsInsurance.framework */ = {isa = PBXFileReference; explicitFileType = wrapper.framework; includeInIndex = 0; path = Pods_RedwoodsInsurance.framework; sourceTree = BUILT_PRODUCTS_DIR; };
		B504E03F25D420B600D1D8D7 /* UploadingProgressViewComponet.swift */ = {isa = PBXFileReference; lastKnownFileType = sourcecode.swift; path = UploadingProgressViewComponet.swift; sourceTree = "<group>"; };
		B53840F62551E9D00097E6E0 /* PhotoSelectionAndDisplayComponent.swift */ = {isa = PBXFileReference; lastKnownFileType = sourcecode.swift; path = PhotoSelectionAndDisplayComponent.swift; sourceTree = "<group>"; };
		B53840FA2551EAD60097E6E0 /* ImagePicker.swift */ = {isa = PBXFileReference; lastKnownFileType = sourcecode.swift; path = ImagePicker.swift; sourceTree = "<group>"; };
		B53841022551F9310097E6E0 /* PartiesInvolvedComponent.swift */ = {isa = PBXFileReference; lastKnownFileType = sourcecode.swift; path = PartiesInvolvedComponent.swift; sourceTree = "<group>"; };
		B53841052551FA930097E6E0 /* ContactPicker.swift */ = {isa = PBXFileReference; lastKnownFileType = sourcecode.swift; path = ContactPicker.swift; sourceTree = "<group>"; };
		B53841082551FAC00097E6E0 /* ContactPickerViewModel.swift */ = {isa = PBXFileReference; lastKnownFileType = sourcecode.swift; path = ContactPickerViewModel.swift; sourceTree = "<group>"; };
		B538410B2552018D0097E6E0 /* ContactListRowComponent.swift */ = {isa = PBXFileReference; lastKnownFileType = sourcecode.swift; path = ContactListRowComponent.swift; sourceTree = "<group>"; };
		B538410E255218440097E6E0 /* User.swift */ = {isa = PBXFileReference; lastKnownFileType = sourcecode.swift; path = User.swift; sourceTree = "<group>"; };
		B53F938B2555EBC0008E6381 /* Contact.swift */ = {isa = PBXFileReference; lastKnownFileType = sourcecode.swift; path = Contact.swift; sourceTree = "<group>"; };
		B53F938E2555F03C008E6381 /* SalesforceRecord.swift */ = {isa = PBXFileReference; lastKnownFileType = sourcecode.swift; name = SalesforceRecord.swift; path = RedwoodsInsurance/Protocols/SalesforceRecord.swift; sourceTree = SOURCE_ROOT; };
		B54B34B625536243006D9941 /* Case.swift */ = {isa = PBXFileReference; lastKnownFileType = sourcecode.swift; path = Case.swift; sourceTree = "<group>"; };
		B5B5F7D8254CB2E400670169 /* CLPlacemark.swift */ = {isa = PBXFileReference; lastKnownFileType = sourcecode.swift; path = CLPlacemark.swift; sourceTree = "<group>"; };
		B5B5F7FE254CB5C200670169 /* Images.xcassets */ = {isa = PBXFileReference; lastKnownFileType = folder.assetcatalog; path = Images.xcassets; sourceTree = SOURCE_ROOT; };
		B5B5F804254CB80200670169 /* DescriptionComponent.swift */ = {isa = PBXFileReference; lastKnownFileType = sourcecode.swift; name = DescriptionComponent.swift; path = "RedwoodsInsurance/Swift UI/Components/DescriptionComponent.swift"; sourceTree = SOURCE_ROOT; };
		B5B5F808254CBB3900670169 /* AudioTranscriptionComponent.swift */ = {isa = PBXFileReference; lastKnownFileType = sourcecode.swift; path = AudioTranscriptionComponent.swift; sourceTree = "<group>"; };
		B5B5F80B254CBBE200670169 /* AudioTranscriptionViewModel.swift */ = {isa = PBXFileReference; lastKnownFileType = sourcecode.swift; path = AudioTranscriptionViewModel.swift; sourceTree = "<group>"; };
		B5BE0621254B1662005FE6EE /* LaunchScreen.storyboard */ = {isa = PBXFileReference; lastKnownFileType = file.storyboard; path = LaunchScreen.storyboard; sourceTree = "<group>"; };
		B5BE0628254B1935005FE6EE /* ExistingClaimsListView.swift */ = {isa = PBXFileReference; lastKnownFileType = sourcecode.swift; path = ExistingClaimsListView.swift; sourceTree = "<group>"; };
		B5BE062C254B1963005FE6EE /* Claim.swift */ = {isa = PBXFileReference; lastKnownFileType = sourcecode.swift; path = Claim.swift; sourceTree = "<group>"; };
		B5BE0631254B19BD005FE6EE /* RestClient.swift */ = {isa = PBXFileReference; lastKnownFileType = sourcecode.swift; path = RestClient.swift; sourceTree = "<group>"; };
		B5BE0635254B19FD005FE6EE /* UIImageExtensions.swift */ = {isa = PBXFileReference; fileEncoding = 4; lastKnownFileType = sourcecode.swift; path = UIImageExtensions.swift; sourceTree = "<group>"; };
		B5BE0636254B19FD005FE6EE /* Collection.swift */ = {isa = PBXFileReference; fileEncoding = 4; lastKnownFileType = sourcecode.swift; path = Collection.swift; sourceTree = "<group>"; };
		B5BE0637254B19FD005FE6EE /* Map.swift */ = {isa = PBXFileReference; fileEncoding = 4; lastKnownFileType = sourcecode.swift; path = Map.swift; sourceTree = "<group>"; };
		B5BE0638254B19FD005FE6EE /* CNContactExtensions.swift */ = {isa = PBXFileReference; fileEncoding = 4; lastKnownFileType = sourcecode.swift; path = CNContactExtensions.swift; sourceTree = "<group>"; };
		B5BE0639254B19FD005FE6EE /* Array.swift */ = {isa = PBXFileReference; fileEncoding = 4; lastKnownFileType = sourcecode.swift; path = Array.swift; sourceTree = "<group>"; };
		B5BE063A254B19FD005FE6EE /* MKCoordinateRegion.swift */ = {isa = PBXFileReference; fileEncoding = 4; lastKnownFileType = sourcecode.swift; path = MKCoordinateRegion.swift; sourceTree = "<group>"; };
		B5BE064E254B1B16005FE6EE /* ExistingClaimsListViewModel.swift */ = {isa = PBXFileReference; lastKnownFileType = sourcecode.swift; path = ExistingClaimsListViewModel.swift; sourceTree = "<group>"; };
		B5BE0651254B1B64005FE6EE /* ClaimDetailsView.swift */ = {isa = PBXFileReference; lastKnownFileType = sourcecode.swift; path = ClaimDetailsView.swift; sourceTree = "<group>"; };
		B5BE0654254B1B85005FE6EE /* ClaimDetailsViewModel.swift */ = {isa = PBXFileReference; lastKnownFileType = sourcecode.swift; path = ClaimDetailsViewModel.swift; sourceTree = "<group>"; };
		B5BE0657254B1BB1005FE6EE /* ClaimDetailsDataModel.swift */ = {isa = PBXFileReference; lastKnownFileType = sourcecode.swift; path = ClaimDetailsDataModel.swift; sourceTree = "<group>"; };
		B5BE065A254B1C10005FE6EE /* NewClaimView.swift */ = {isa = PBXFileReference; lastKnownFileType = sourcecode.swift; path = NewClaimView.swift; sourceTree = "<group>"; };
		B5BE065D254B1C59005FE6EE /* NewClaimViewModel.swift */ = {isa = PBXFileReference; lastKnownFileType = sourcecode.swift; path = NewClaimViewModel.swift; sourceTree = "<group>"; };
		B5F556AC254C67230007721D /* IncidentLocationComponent.swift */ = {isa = PBXFileReference; lastKnownFileType = sourcecode.swift; path = IncidentLocationComponent.swift; sourceTree = "<group>"; };
		B73B520C234FA65F001B069B /* SceneDelegate.swift */ = {isa = PBXFileReference; lastKnownFileType = sourcecode.swift; path = SceneDelegate.swift; sourceTree = "<group>"; };
		B77BD8A221125B510036B284 /* bootconfig.plist */ = {isa = PBXFileReference; fileEncoding = 4; lastKnownFileType = text.plist.xml; path = bootconfig.plist; sourceTree = "<group>"; };
/* End PBXFileReference section */

/* Begin PBXFrameworksBuildPhase section */
		4FD6C4711B754AF1002F9F90 /* Frameworks */ = {
			isa = PBXFrameworksBuildPhase;
			buildActionMask = 2147483647;
			files = (
				78A235BD93AB7D080D67CD51 /* Pods_RedwoodsInsurance.framework in Frameworks */,
			);
			runOnlyForDeploymentPostprocessing = 0;
		};
/* End PBXFrameworksBuildPhase section */

/* Begin PBXGroup section */
		4FD6C46B1B754AF1002F9F90 = {
			isa = PBXGroup;
			children = (
				4FD6C4761B754AF1002F9F90 /* RedwoodsInsurance */,
				4FD6C4751B754AF1002F9F90 /* Products */,
				DDFDDF0A29E4BDD114B51BBC /* Pods */,
				6B868AEB1ACA7FCA4636C7F7 /* Frameworks */,
			);
			sourceTree = "<group>";
		};
		4FD6C4751B754AF1002F9F90 /* Products */ = {
			isa = PBXGroup;
			children = (
				4FD6C4741B754AF1002F9F90 /* RedwoodsInsurance.app */,
			);
			name = Products;
			sourceTree = "<group>";
		};
		4FD6C4761B754AF1002F9F90 /* RedwoodsInsurance */ = {
			isa = PBXGroup;
			children = (
				B5BE0630254B199E005FE6EE /* Extensions */,
				B5BE0626254B16A6005FE6EE /* View Models */,
				B5BE0625254B169D005FE6EE /* Data Models */,
				B5BE061F254B1659005FE6EE /* Supporting Files */,
				B5BE061E254B161C005FE6EE /* Classes */,
				B5BE061D254B15C2005FE6EE /* Swift UI */,
				4FF12F8A1DCA91F5004D9EF9 /* RedwoodsInsurance.entitlements */,
			);
			path = RedwoodsInsurance;
			sourceTree = "<group>";
		};
		6B868AEB1ACA7FCA4636C7F7 /* Frameworks */ = {
			isa = PBXGroup;
			children = (
				82A29C75280BDF73123F14B4 /* Pods_RedwoodsInsurance.framework */,
			);
			name = Frameworks;
			sourceTree = "<group>";
		};
		B53840F92551EAB80097E6E0 /* UIKit Wrappers */ = {
			isa = PBXGroup;
			children = (
				B53840FA2551EAD60097E6E0 /* ImagePicker.swift */,
				B53841052551FA930097E6E0 /* ContactPicker.swift */,
			);
			path = "UIKit Wrappers";
			sourceTree = "<group>";
		};
		B5BE061A254B1553005FE6EE /* Components */ = {
			isa = PBXGroup;
			children = (
				B5B5F804254CB80200670169 /* DescriptionComponent.swift */,
				B5F556AC254C67230007721D /* IncidentLocationComponent.swift */,
				B5B5F808254CBB3900670169 /* AudioTranscriptionComponent.swift */,
				B53840F62551E9D00097E6E0 /* PhotoSelectionAndDisplayComponent.swift */,
				B53841022551F9310097E6E0 /* PartiesInvolvedComponent.swift */,
				B538410B2552018D0097E6E0 /* ContactListRowComponent.swift */,
				B504E03F25D420B600D1D8D7 /* UploadingProgressViewComponet.swift */,
			);
			path = Components;
			sourceTree = "<group>";
		};
		B5BE061D254B15C2005FE6EE /* Swift UI */ = {
			isa = PBXGroup;
			children = (
				B53840F92551EAB80097E6E0 /* UIKit Wrappers */,
				B5BE0624254B1690005FE6EE /* Scenes */,
				B73B520C234FA65F001B069B /* SceneDelegate.swift */,
				B5BE061A254B1553005FE6EE /* Components */,
			);
			path = "Swift UI";
			sourceTree = "<group>";
		};
		B5BE061E254B161C005FE6EE /* Classes */ = {
			isa = PBXGroup;
			children = (
				4FD6C49D1B755242002F9F90 /* InitialViewController.swift */,
				4FD6C4791B754AF1002F9F90 /* AppDelegate.swift */,
				4F393A281C3C8BCD00B3EA13 /* main.swift */,
			);
			path = Classes;
			sourceTree = "<group>";
		};
		B5BE061F254B1659005FE6EE /* Supporting Files */ = {
			isa = PBXGroup;
			children = (
				B5B5F7FE254CB5C200670169 /* Images.xcassets */,
				B77BD8A221125B510036B284 /* bootconfig.plist */,
				B5BE0621254B1662005FE6EE /* LaunchScreen.storyboard */,
				4FD6C4781B754AF1002F9F90 /* Info.plist */,
			);
			path = "Supporting Files";
			sourceTree = "<group>";
		};
		B5BE0624254B1690005FE6EE /* Scenes */ = {
			isa = PBXGroup;
			children = (
				B5BE0628254B1935005FE6EE /* ExistingClaimsListView.swift */,
				B5BE0651254B1B64005FE6EE /* ClaimDetailsView.swift */,
				B5BE065A254B1C10005FE6EE /* NewClaimView.swift */,
			);
			path = Scenes;
			sourceTree = "<group>";
		};
		B5BE0625254B169D005FE6EE /* Data Models */ = {
			isa = PBXGroup;
			children = (
				B5BE062C254B1963005FE6EE /* Claim.swift */,
				B5BE0657254B1BB1005FE6EE /* ClaimDetailsDataModel.swift */,
				B538410E255218440097E6E0 /* User.swift */,
				B54B34B625536243006D9941 /* Case.swift */,
				B53F938B2555EBC0008E6381 /* Contact.swift */,
			);
			path = "Data Models";
			sourceTree = "<group>";
		};
		B5BE0626254B16A6005FE6EE /* View Models */ = {
			isa = PBXGroup;
			children = (
				B5BE064E254B1B16005FE6EE /* ExistingClaimsListViewModel.swift */,
				B5BE0654254B1B85005FE6EE /* ClaimDetailsViewModel.swift */,
				B5BE065D254B1C59005FE6EE /* NewClaimViewModel.swift */,
				B5B5F80B254CBBE200670169 /* AudioTranscriptionViewModel.swift */,
				B53841082551FAC00097E6E0 /* ContactPickerViewModel.swift */,
			);
			path = "View Models";
			sourceTree = "<group>";
		};
		B5BE0630254B199E005FE6EE /* Extensions */ = {
			isa = PBXGroup;
			children = (
				B5BE0639254B19FD005FE6EE /* Array.swift */,
				B5B5F7D8254CB2E400670169 /* CLPlacemark.swift */,
				B5BE0638254B19FD005FE6EE /* CNContactExtensions.swift */,
				B5BE0636254B19FD005FE6EE /* Collection.swift */,
				B5BE0637254B19FD005FE6EE /* Map.swift */,
				B5BE063A254B19FD005FE6EE /* MKCoordinateRegion.swift */,
				B5BE0635254B19FD005FE6EE /* UIImageExtensions.swift */,
				B5BE0631254B19BD005FE6EE /* RestClient.swift */,
				B53F938E2555F03C008E6381 /* SalesforceRecord.swift */,
			);
			path = Extensions;
			sourceTree = "<group>";
		};
		DDFDDF0A29E4BDD114B51BBC /* Pods */ = {
			isa = PBXGroup;
			children = (
				762732C14CFE40A989C3AD70 /* Pods-RedwoodsInsurance.debug.xcconfig */,
				045D1C5BC2F1EADFDFB3671E /* Pods-RedwoodsInsurance.release.xcconfig */,
			);
			name = Pods;
			sourceTree = "<group>";
		};
/* End PBXGroup section */

/* Begin PBXNativeTarget section */
		4FD6C4731B754AF1002F9F90 /* RedwoodsInsurance */ = {
			isa = PBXNativeTarget;
			buildConfigurationList = 4FD6C4931B754AF1002F9F90 /* Build configuration list for PBXNativeTarget "RedwoodsInsurance" */;
			buildPhases = (
				FF74F0F7AF3E58C14EBE5178 /* [CP] Check Pods Manifest.lock */,
				4FD6C4701B754AF1002F9F90 /* Sources */,
				4FD6C4711B754AF1002F9F90 /* Frameworks */,
				4FD6C4721B754AF1002F9F90 /* Resources */,
				7056FC8D1D194E5113988767 /* [CP] Embed Pods Frameworks */,
				B53840FE2551EB730097E6E0 /* ShellScript */,
			);
			buildRules = (
			);
			dependencies = (
			);
			name = RedwoodsInsurance;
			packageProductDependencies = (
			);
			productName = RedwoodsInsurance;
			productReference = 4FD6C4741B754AF1002F9F90 /* RedwoodsInsurance.app */;
			productType = "com.apple.product-type.application";
		};
/* End PBXNativeTarget section */

/* Begin PBXProject section */
		4FD6C46C1B754AF1002F9F90 /* Project object */ = {
			isa = PBXProject;
			attributes = {
				LastSwiftUpdateCheck = 0710;
				LastUpgradeCheck = 1210;
				ORGANIZATIONNAME = RedwoodsInsuranceOrganizationName;
				TargetAttributes = {
					4FD6C4731B754AF1002F9F90 = {
						CreatedOnToolsVersion = 6.4;
						LastSwiftMigration = 1020;
						SystemCapabilities = {
							com.apple.Keychain = {
								enabled = 1;
							};
						};
					};
				};
			};
			buildConfigurationList = 4FD6C46F1B754AF1002F9F90 /* Build configuration list for PBXProject "RedwoodsInsurance" */;
			compatibilityVersion = "Xcode 10.0";
			developmentRegion = en;
			hasScannedForEncodings = 0;
			knownRegions = (
				en,
				Base,
			);
			mainGroup = 4FD6C46B1B754AF1002F9F90;
			packageReferences = (
			);
			productRefGroup = 4FD6C4751B754AF1002F9F90 /* Products */;
			projectDirPath = "";
			projectRoot = "";
			targets = (
				4FD6C4731B754AF1002F9F90 /* RedwoodsInsurance */,
			);
		};
/* End PBXProject section */

/* Begin PBXResourcesBuildPhase section */
		4FD6C4721B754AF1002F9F90 /* Resources */ = {
			isa = PBXResourcesBuildPhase;
			buildActionMask = 2147483647;
			files = (
				B5B5F802254CB60500670169 /* Images.xcassets in Resources */,
				B77BD8A321125B510036B284 /* bootconfig.plist in Resources */,
			);
			runOnlyForDeploymentPostprocessing = 0;
		};
/* End PBXResourcesBuildPhase section */

/* Begin PBXShellScriptBuildPhase section */
		7056FC8D1D194E5113988767 /* [CP] Embed Pods Frameworks */ = {
			isa = PBXShellScriptBuildPhase;
			buildActionMask = 2147483647;
			files = (
			);
			inputFileListPaths = (
				"${PODS_ROOT}/Target Support Files/Pods-RedwoodsInsurance/Pods-RedwoodsInsurance-frameworks-${CONFIGURATION}-input-files.xcfilelist",
			);
			name = "[CP] Embed Pods Frameworks";
			outputFileListPaths = (
				"${PODS_ROOT}/Target Support Files/Pods-RedwoodsInsurance/Pods-RedwoodsInsurance-frameworks-${CONFIGURATION}-output-files.xcfilelist",
			);
			runOnlyForDeploymentPostprocessing = 0;
			shellPath = /bin/sh;
			shellScript = "\"${PODS_ROOT}/Target Support Files/Pods-RedwoodsInsurance/Pods-RedwoodsInsurance-frameworks.sh\"\n";
			showEnvVarsInLog = 0;
		};
		B53840FE2551EB730097E6E0 /* ShellScript */ = {
			isa = PBXShellScriptBuildPhase;
			buildActionMask = 2147483647;
			files = (
			);
			inputFileListPaths = (
			);
			inputPaths = (
			);
			outputFileListPaths = (
			);
			outputPaths = (
			);
			runOnlyForDeploymentPostprocessing = 0;
			shellPath = /bin/sh;
			shellScript = "if which swiftlint >/dev/null; then\n  swiftlint autocorrect\nelse\n  echo \"warning: SwiftLint not installed, download from https://github.com/realm/SwiftLint\"\nfi\n";
		};
		FF74F0F7AF3E58C14EBE5178 /* [CP] Check Pods Manifest.lock */ = {
			isa = PBXShellScriptBuildPhase;
			buildActionMask = 2147483647;
			files = (
			);
			inputPaths = (
				"${PODS_PODFILE_DIR_PATH}/Podfile.lock",
				"${PODS_ROOT}/Manifest.lock",
			);
			name = "[CP] Check Pods Manifest.lock";
			outputPaths = (
				"$(DERIVED_FILE_DIR)/Pods-RedwoodsInsurance-checkManifestLockResult.txt",
			);
			runOnlyForDeploymentPostprocessing = 0;
			shellPath = /bin/sh;
			shellScript = "diff \"${PODS_PODFILE_DIR_PATH}/Podfile.lock\" \"${PODS_ROOT}/Manifest.lock\" > /dev/null\nif [ $? != 0 ] ; then\n    # print error to STDERR\n    echo \"error: The sandbox is not in sync with the Podfile.lock. Run 'pod install' or update your CocoaPods installation.\" >&2\n    exit 1\nfi\n# This output is used by Xcode 'outputs' to avoid re-running this script phase.\necho \"SUCCESS\" > \"${SCRIPT_OUTPUT_FILE_0}\"\n";
			showEnvVarsInLog = 0;
		};
/* End PBXShellScriptBuildPhase section */

/* Begin PBXSourcesBuildPhase section */
		4FD6C4701B754AF1002F9F90 /* Sources */ = {
			isa = PBXSourcesBuildPhase;
			buildActionMask = 2147483647;
			files = (
				B73B520D234FA65F001B069B /* SceneDelegate.swift in Sources */,
				B54B34B725536243006D9941 /* Case.swift in Sources */,
				B5BE063B254B19FD005FE6EE /* UIImageExtensions.swift in Sources */,
				B504E04025D420B600D1D8D7 /* UploadingProgressViewComponet.swift in Sources */,
				B5BE063D254B19FD005FE6EE /* Map.swift in Sources */,
				4FD6C47A1B754AF1002F9F90 /* AppDelegate.swift in Sources */,
				B5F556AD254C67230007721D /* IncidentLocationComponent.swift in Sources */,
				B53F938C2555EBC0008E6381 /* Contact.swift in Sources */,
				B5BE064F254B1B16005FE6EE /* ExistingClaimsListViewModel.swift in Sources */,
				B5BE063C254B19FD005FE6EE /* Collection.swift in Sources */,
				B5B5F7D9254CB2E400670169 /* CLPlacemark.swift in Sources */,
				B5B5F805254CB80200670169 /* DescriptionComponent.swift in Sources */,
				B5BE065E254B1C59005FE6EE /* NewClaimViewModel.swift in Sources */,
				B5BE063F254B19FD005FE6EE /* Array.swift in Sources */,
				B53840F72551E9D00097E6E0 /* PhotoSelectionAndDisplayComponent.swift in Sources */,
				B5BE0658254B1BB1005FE6EE /* ClaimDetailsDataModel.swift in Sources */,
				B538410F255218440097E6E0 /* User.swift in Sources */,
				B53840FB2551EAD60097E6E0 /* ImagePicker.swift in Sources */,
				B5B5F809254CBB3900670169 /* AudioTranscriptionComponent.swift in Sources */,
				B5BE065B254B1C10005FE6EE /* NewClaimView.swift in Sources */,
				B5BE0640254B19FD005FE6EE /* MKCoordinateRegion.swift in Sources */,
				B5BE062D254B1963005FE6EE /* Claim.swift in Sources */,
				B5BE063E254B19FD005FE6EE /* CNContactExtensions.swift in Sources */,
				B538410C2552018D0097E6E0 /* ContactListRowComponent.swift in Sources */,
				B53F938F2555F03C008E6381 /* SalesforceRecord.swift in Sources */,
				B5BE0629254B1935005FE6EE /* ExistingClaimsListView.swift in Sources */,
				4F393A291C3C8BCD00B3EA13 /* main.swift in Sources */,
				B5BE0632254B19BD005FE6EE /* RestClient.swift in Sources */,
				4FD6C4A01B755242002F9F90 /* InitialViewController.swift in Sources */,
				B53841092551FAC00097E6E0 /* ContactPickerViewModel.swift in Sources */,
				B5BE0655254B1B85005FE6EE /* ClaimDetailsViewModel.swift in Sources */,
				B53841062551FA930097E6E0 /* ContactPicker.swift in Sources */,
				B5B5F80C254CBBE200670169 /* AudioTranscriptionViewModel.swift in Sources */,
				B5BE0652254B1B64005FE6EE /* ClaimDetailsView.swift in Sources */,
				B53841032551F9310097E6E0 /* PartiesInvolvedComponent.swift in Sources */,
			);
			runOnlyForDeploymentPostprocessing = 0;
		};
/* End PBXSourcesBuildPhase section */

/* Begin XCBuildConfiguration section */
		4FD6C4911B754AF1002F9F90 /* Debug */ = {
			isa = XCBuildConfiguration;
			buildSettings = {
				ALWAYS_SEARCH_USER_PATHS = NO;
				CLANG_CXX_LANGUAGE_STANDARD = "gnu++0x";
				CLANG_CXX_LIBRARY = "libc++";
				CLANG_ENABLE_MODULES = YES;
				CLANG_ENABLE_OBJC_ARC = YES;
				CLANG_WARN_BLOCK_CAPTURE_AUTORELEASING = YES;
				CLANG_WARN_BOOL_CONVERSION = YES;
				CLANG_WARN_COMMA = YES;
				CLANG_WARN_CONSTANT_CONVERSION = YES;
				CLANG_WARN_DEPRECATED_OBJC_IMPLEMENTATIONS = YES;
				CLANG_WARN_DIRECT_OBJC_ISA_USAGE = YES_ERROR;
				CLANG_WARN_EMPTY_BODY = YES;
				CLANG_WARN_ENUM_CONVERSION = YES;
				CLANG_WARN_INFINITE_RECURSION = YES;
				CLANG_WARN_INT_CONVERSION = YES;
				CLANG_WARN_NON_LITERAL_NULL_CONVERSION = YES;
				CLANG_WARN_OBJC_IMPLICIT_RETAIN_SELF = YES;
				CLANG_WARN_OBJC_LITERAL_CONVERSION = YES;
				CLANG_WARN_OBJC_ROOT_CLASS = YES_ERROR;
				CLANG_WARN_QUOTED_INCLUDE_IN_FRAMEWORK_HEADER = YES;
				CLANG_WARN_RANGE_LOOP_ANALYSIS = YES;
				CLANG_WARN_STRICT_PROTOTYPES = YES;
				CLANG_WARN_SUSPICIOUS_MOVE = YES;
				CLANG_WARN_UNREACHABLE_CODE = YES;
				CLANG_WARN__DUPLICATE_METHOD_MATCH = YES;
				"CODE_SIGN_IDENTITY[sdk=iphoneos*]" = "iPhone Developer";
				COPY_PHASE_STRIP = NO;
				DEBUG_INFORMATION_FORMAT = "dwarf-with-dsym";
				ENABLE_STRICT_OBJC_MSGSEND = YES;
				ENABLE_TESTABILITY = YES;
				GCC_C_LANGUAGE_STANDARD = gnu99;
				GCC_DYNAMIC_NO_PIC = NO;
				GCC_NO_COMMON_BLOCKS = YES;
				GCC_OPTIMIZATION_LEVEL = 0;
				GCC_PREPROCESSOR_DEFINITIONS = (
					"DEBUG=1",
					"$(inherited)",
				);
				GCC_SYMBOLS_PRIVATE_EXTERN = NO;
				GCC_WARN_64_TO_32_BIT_CONVERSION = YES;
				GCC_WARN_ABOUT_RETURN_TYPE = YES_ERROR;
				GCC_WARN_UNDECLARED_SELECTOR = YES;
				GCC_WARN_UNINITIALIZED_AUTOS = YES_AGGRESSIVE;
				GCC_WARN_UNUSED_FUNCTION = YES;
				GCC_WARN_UNUSED_VARIABLE = YES;
				IPHONEOS_DEPLOYMENT_TARGET = 14.0;
				MTL_ENABLE_DEBUG_INFO = YES;
				ONLY_ACTIVE_ARCH = YES;
				SDKROOT = iphoneos;
				SWIFT_OPTIMIZATION_LEVEL = "-Onone";
				SWIFT_SWIFT3_OBJC_INFERENCE = Default;
				TARGETED_DEVICE_FAMILY = "1,2";
			};
			name = Debug;
		};
		4FD6C4921B754AF1002F9F90 /* Release */ = {
			isa = XCBuildConfiguration;
			buildSettings = {
				ALWAYS_SEARCH_USER_PATHS = NO;
				CLANG_CXX_LANGUAGE_STANDARD = "gnu++0x";
				CLANG_CXX_LIBRARY = "libc++";
				CLANG_ENABLE_MODULES = YES;
				CLANG_ENABLE_OBJC_ARC = YES;
				CLANG_WARN_BLOCK_CAPTURE_AUTORELEASING = YES;
				CLANG_WARN_BOOL_CONVERSION = YES;
				CLANG_WARN_COMMA = YES;
				CLANG_WARN_CONSTANT_CONVERSION = YES;
				CLANG_WARN_DEPRECATED_OBJC_IMPLEMENTATIONS = YES;
				CLANG_WARN_DIRECT_OBJC_ISA_USAGE = YES_ERROR;
				CLANG_WARN_EMPTY_BODY = YES;
				CLANG_WARN_ENUM_CONVERSION = YES;
				CLANG_WARN_INFINITE_RECURSION = YES;
				CLANG_WARN_INT_CONVERSION = YES;
				CLANG_WARN_NON_LITERAL_NULL_CONVERSION = YES;
				CLANG_WARN_OBJC_IMPLICIT_RETAIN_SELF = YES;
				CLANG_WARN_OBJC_LITERAL_CONVERSION = YES;
				CLANG_WARN_OBJC_ROOT_CLASS = YES_ERROR;
				CLANG_WARN_QUOTED_INCLUDE_IN_FRAMEWORK_HEADER = YES;
				CLANG_WARN_RANGE_LOOP_ANALYSIS = YES;
				CLANG_WARN_STRICT_PROTOTYPES = YES;
				CLANG_WARN_SUSPICIOUS_MOVE = YES;
				CLANG_WARN_UNREACHABLE_CODE = YES;
				CLANG_WARN__DUPLICATE_METHOD_MATCH = YES;
				"CODE_SIGN_IDENTITY[sdk=iphoneos*]" = "iPhone Developer";
				COPY_PHASE_STRIP = NO;
				DEBUG_INFORMATION_FORMAT = "dwarf-with-dsym";
				ENABLE_NS_ASSERTIONS = NO;
				ENABLE_STRICT_OBJC_MSGSEND = YES;
				GCC_C_LANGUAGE_STANDARD = gnu99;
				GCC_NO_COMMON_BLOCKS = YES;
				GCC_WARN_64_TO_32_BIT_CONVERSION = YES;
				GCC_WARN_ABOUT_RETURN_TYPE = YES_ERROR;
				GCC_WARN_UNDECLARED_SELECTOR = YES;
				GCC_WARN_UNINITIALIZED_AUTOS = YES_AGGRESSIVE;
				GCC_WARN_UNUSED_FUNCTION = YES;
				GCC_WARN_UNUSED_VARIABLE = YES;
				IPHONEOS_DEPLOYMENT_TARGET = 14.0;
				MTL_ENABLE_DEBUG_INFO = NO;
				SDKROOT = iphoneos;
				SWIFT_COMPILATION_MODE = wholemodule;
				SWIFT_OPTIMIZATION_LEVEL = "-O";
				SWIFT_SWIFT3_OBJC_INFERENCE = Default;
				TARGETED_DEVICE_FAMILY = "1,2";
				VALIDATE_PRODUCT = YES;
			};
			name = Release;
		};
		4FD6C4941B754AF1002F9F90 /* Debug */ = {
			isa = XCBuildConfiguration;
			baseConfigurationReference = 762732C14CFE40A989C3AD70 /* Pods-RedwoodsInsurance.debug.xcconfig */;
			buildSettings = {
				ASSETCATALOG_COMPILER_APPICON_NAME = AppIcon;
				CODE_SIGN_ENTITLEMENTS = RedwoodsInsurance/RedwoodsInsurance.entitlements;
				DEVELOPMENT_TEAM = 745ST2PM9F;
				INFOPLIST_FILE = "RedwoodsInsurance/Supporting Files/Info.plist";
				IPHONEOS_DEPLOYMENT_TARGET = 14.0;
				LD_RUNPATH_SEARCH_PATHS = (
					"$(inherited)",
					"@executable_path/Frameworks",
				);
				OTHER_SWIFT_FLAGS = "-DSIGNPOST_ENABLED";
				PRODUCT_BUNDLE_IDENTIFIER = "com.force.redwoods-insurance.redwoods-insurance.swiftui";
				PRODUCT_NAME = "$(TARGET_NAME)";
				SWIFT_OBJC_BRIDGING_HEADER = "RedwoodsInsurance/Bridging-Header.h";
				SWIFT_VERSION = 5.0;
			};
			name = Debug;
		};
		4FD6C4951B754AF1002F9F90 /* Release */ = {
			isa = XCBuildConfiguration;
			baseConfigurationReference = 045D1C5BC2F1EADFDFB3671E /* Pods-RedwoodsInsurance.release.xcconfig */;
			buildSettings = {
				ASSETCATALOG_COMPILER_APPICON_NAME = AppIcon;
				CODE_SIGN_ENTITLEMENTS = RedwoodsInsurance/RedwoodsInsurance.entitlements;
				DEVELOPMENT_TEAM = 745ST2PM9F;
				INFOPLIST_FILE = "RedwoodsInsurance/Supporting Files/Info.plist";
				IPHONEOS_DEPLOYMENT_TARGET = 14.0;
				LD_RUNPATH_SEARCH_PATHS = (
					"$(inherited)",
					"@executable_path/Frameworks",
				);
				PRODUCT_BUNDLE_IDENTIFIER = "com.force.redwoods-insurance.redwoods-insurance.swiftui";
				PRODUCT_NAME = "$(TARGET_NAME)";
				SWIFT_OBJC_BRIDGING_HEADER = "RedwoodsInsurance/Bridging-Header.h";
				SWIFT_VERSION = 5.0;
			};
			name = Release;
		};
/* End XCBuildConfiguration section */

/* Begin XCConfigurationList section */
		4FD6C46F1B754AF1002F9F90 /* Build configuration list for PBXProject "RedwoodsInsurance" */ = {
			isa = XCConfigurationList;
			buildConfigurations = (
				4FD6C4911B754AF1002F9F90 /* Debug */,
				4FD6C4921B754AF1002F9F90 /* Release */,
			);
			defaultConfigurationIsVisible = 0;
			defaultConfigurationName = Release;
		};
		4FD6C4931B754AF1002F9F90 /* Build configuration list for PBXNativeTarget "RedwoodsInsurance" */ = {
			isa = XCConfigurationList;
			buildConfigurations = (
				4FD6C4941B754AF1002F9F90 /* Debug */,
				4FD6C4951B754AF1002F9F90 /* Release */,
			);
			defaultConfigurationIsVisible = 0;
			defaultConfigurationName = Release;
		};
/* End XCConfigurationList section */
	};
	rootObject = 4FD6C46C1B754AF1002F9F90 /* Project object */;
}
